// !$*UTF8*$!
{
	archiveVersion = 1;
	classes = {
	};
	objectVersion = 77;
	objects = {

/* Begin PBXContainerItemProxy section */
		9DF3AA3E2DAABEB500D9DC88 /* PBXContainerItemProxy */ = {
			isa = PBXContainerItemProxy;
			containerPortal = 9DF3AA282DAABEB300D9DC88 /* Project object */;
			proxyType = 1;
			remoteGlobalIDString = 9DF3AA2F2DAABEB300D9DC88;
			remoteInfo = CAModuleTest;
		};
		9DF3AA482DAABEB500D9DC88 /* PBXContainerItemProxy */ = {
			isa = PBXContainerItemProxy;
			containerPortal = 9DF3AA282DAABEB300D9DC88 /* Project object */;
			proxyType = 1;
			remoteGlobalIDString = 9DF3AA2F2DAABEB300D9DC88;
			remoteInfo = CAModuleTest;
		};
/* End PBXContainerItemProxy section */

/* Begin PBXFileReference section */
		9DF3AA302DAABEB300D9DC88 /* CAModuleTest.app */ = {isa = PBXFileReference; explicitFileType = wrapper.application; includeInIndex = 0; path = CAModuleTest.app; sourceTree = BUILT_PRODUCTS_DIR; };
		9DF3AA3D2DAABEB500D9DC88 /* CAModuleTestTests.xctest */ = {isa = PBXFileReference; explicitFileType = wrapper.cfbundle; includeInIndex = 0; path = CAModuleTestTests.xctest; sourceTree = BUILT_PRODUCTS_DIR; };
		9DF3AA472DAABEB500D9DC88 /* CAModuleTestUITests.xctest */ = {isa = PBXFileReference; explicitFileType = wrapper.cfbundle; includeInIndex = 0; path = CAModuleTestUITests.xctest; sourceTree = BUILT_PRODUCTS_DIR; };
/* End PBXFileReference section */

/* Begin PBXFileSystemSynchronizedRootGroup section */
		9DF3AA322DAABEB300D9DC88 /* CAModuleTest */ = {
			isa = PBXFileSystemSynchronizedRootGroup;
			path = CAModuleTest;
			sourceTree = "<group>";
		};
		9DF3AA402DAABEB500D9DC88 /* CAModuleTestTests */ = {
			isa = PBXFileSystemSynchronizedRootGroup;
			path = CAModuleTestTests;
			sourceTree = "<group>";
		};
		9DF3AA4A2DAABEB500D9DC88 /* CAModuleTestUITests */ = {
			isa = PBXFileSystemSynchronizedRootGroup;
			path = CAModuleTestUITests;
			sourceTree = "<group>";
		};
/* End PBXFileSystemSynchronizedRootGroup section */

/* Begin PBXFrameworksBuildPhase section */
		9DF3AA2D2DAABEB300D9DC88 /* Frameworks */ = {
			isa = PBXFrameworksBuildPhase;
			buildActionMask = 2147483647;
			files = (
			);
			runOnlyForDeploymentPostprocessing = 0;
		};
		9DF3AA3A2DAABEB500D9DC88 /* Frameworks */ = {
			isa = PBXFrameworksBuildPhase;
			buildActionMask = 2147483647;
			files = (
			);
			runOnlyForDeploymentPostprocessing = 0;
		};
		9DF3AA442DAABEB500D9DC88 /* Frameworks */ = {
			isa = PBXFrameworksBuildPhase;
			buildActionMask = 2147483647;
			files = (
			);
			runOnlyForDeploymentPostprocessing = 0;
		};
/* End PBXFrameworksBuildPhase section */

/* Begin PBXGroup section */
		9DF3AA272DAABEB300D9DC88 = {
			isa = PBXGroup;
			children = (
				9DF3AA322DAABEB300D9DC88 /* CAModuleTest */,
				9DF3AA402DAABEB500D9DC88 /* CAModuleTestTests */,
				9DF3AA4A2DAABEB500D9DC88 /* CAModuleTestUITests */,
				9DF3AA312DAABEB300D9DC88 /* Products */,
			);
			sourceTree = "<group>";
		};
		9DF3AA312DAABEB300D9DC88 /* Products */ = {
			isa = PBXGroup;
			children = (
				9DF3AA302DAABEB300D9DC88 /* CAModuleTest.app */,
				9DF3AA3D2DAABEB500D9DC88 /* CAModuleTestTests.xctest */,
				9DF3AA472DAABEB500D9DC88 /* CAModuleTestUITests.xctest */,
			);
			name = Products;
			sourceTree = "<group>";
		};
/* End PBXGroup section */

/* Begin PBXNativeTarget section */
		9DF3AA2F2DAABEB300D9DC88 /* CAModuleTest */ = {
			isa = PBXNativeTarget;
			buildConfigurationList = 9DF3AA512DAABEB500D9DC88 /* Build configuration list for PBXNativeTarget "CAModuleTest" */;
			buildPhases = (
				9DF3AA2C2DAABEB300D9DC88 /* Sources */,
				9DF3AA2D2DAABEB300D9DC88 /* Frameworks */,
				9DF3AA2E2DAABEB300D9DC88 /* Resources */,
			);
			buildRules = (
			);
			dependencies = (
			);
			fileSystemSynchronizedGroups = (
				9DF3AA322DAABEB300D9DC88 /* CAModuleTest */,
			);
			name = CAModuleTest;
			packageProductDependencies = (
			);
			productName = CAModuleTest;
			productReference = 9DF3AA302DAABEB300D9DC88 /* CAModuleTest.app */;
			productType = "com.apple.product-type.application";
		};
		9DF3AA3C2DAABEB500D9DC88 /* CAModuleTestTests */ = {
			isa = PBXNativeTarget;
			buildConfigurationList = 9DF3AA542DAABEB500D9DC88 /* Build configuration list for PBXNativeTarget "CAModuleTestTests" */;
			buildPhases = (
				9DF3AA392DAABEB500D9DC88 /* Sources */,
				9DF3AA3A2DAABEB500D9DC88 /* Frameworks */,
				9DF3AA3B2DAABEB500D9DC88 /* Resources */,
			);
			buildRules = (
			);
			dependencies = (
				9DF3AA3F2DAABEB500D9DC88 /* PBXTargetDependency */,
			);
			fileSystemSynchronizedGroups = (
				9DF3AA402DAABEB500D9DC88 /* CAModuleTestTests */,
			);
			name = CAModuleTestTests;
			packageProductDependencies = (
			);
			productName = CAModuleTestTests;
			productReference = 9DF3AA3D2DAABEB500D9DC88 /* CAModuleTestTests.xctest */;
			productType = "com.apple.product-type.bundle.unit-test";
		};
		9DF3AA462DAABEB500D9DC88 /* CAModuleTestUITests */ = {
			isa = PBXNativeTarget;
			buildConfigurationList = 9DF3AA572DAABEB500D9DC88 /* Build configuration list for PBXNativeTarget "CAModuleTestUITests" */;
			buildPhases = (
				9DF3AA432DAABEB500D9DC88 /* Sources */,
				9DF3AA442DAABEB500D9DC88 /* Frameworks */,
				9DF3AA452DAABEB500D9DC88 /* Resources */,
			);
			buildRules = (
			);
			dependencies = (
				9DF3AA492DAABEB500D9DC88 /* PBXTargetDependency */,
			);
			fileSystemSynchronizedGroups = (
				9DF3AA4A2DAABEB500D9DC88 /* CAModuleTestUITests */,
			);
			name = CAModuleTestUITests;
			packageProductDependencies = (
			);
			productName = CAModuleTestUITests;
			productReference = 9DF3AA472DAABEB500D9DC88 /* CAModuleTestUITests.xctest */;
			productType = "com.apple.product-type.bundle.ui-testing";
		};
/* End PBXNativeTarget section */

/* Begin PBXProject section */
		9DF3AA282DAABEB300D9DC88 /* Project object */ = {
			isa = PBXProject;
			attributes = {
				BuildIndependentTargetsInParallel = 1;
				LastSwiftUpdateCheck = 1630;
				LastUpgradeCheck = 1630;
				TargetAttributes = {
					9DF3AA2F2DAABEB300D9DC88 = {
						CreatedOnToolsVersion = 16.3;
					};
					9DF3AA3C2DAABEB500D9DC88 = {
						CreatedOnToolsVersion = 16.3;
						TestTargetID = 9DF3AA2F2DAABEB300D9DC88;
					};
					9DF3AA462DAABEB500D9DC88 = {
						CreatedOnToolsVersion = 16.3;
						TestTargetID = 9DF3AA2F2DAABEB300D9DC88;
					};
				};
			};
			buildConfigurationList = 9DF3AA2B2DAABEB300D9DC88 /* Build configuration list for PBXProject "CAModuleTest" */;
			developmentRegion = en;
			hasScannedForEncodings = 0;
			knownRegions = (
				en,
				Base,
			);
			mainGroup = 9DF3AA272DAABEB300D9DC88;
			minimizedProjectReferenceProxies = 1;
			preferredProjectObjectVersion = 77;
			productRefGroup = 9DF3AA312DAABEB300D9DC88 /* Products */;
			projectDirPath = "";
			projectRoot = "";
			targets = (
				9DF3AA2F2DAABEB300D9DC88 /* CAModuleTest */,
				9DF3AA3C2DAABEB500D9DC88 /* CAModuleTestTests */,
				9DF3AA462DAABEB500D9DC88 /* CAModuleTestUITests */,
			);
		};
/* End PBXProject section */

/* Begin PBXResourcesBuildPhase section */
		9DF3AA2E2DAABEB300D9DC88 /* Resources */ = {
			isa = PBXResourcesBuildPhase;
			buildActionMask = 2147483647;
			files = (
			);
			runOnlyForDeploymentPostprocessing = 0;
		};
		9DF3AA3B2DAABEB500D9DC88 /* Resources */ = {
			isa = PBXResourcesBuildPhase;
			buildActionMask = 2147483647;
			files = (
			);
			runOnlyForDeploymentPostprocessing = 0;
		};
		9DF3AA452DAABEB500D9DC88 /* Resources */ = {
			isa = PBXResourcesBuildPhase;
			buildActionMask = 2147483647;
			files = (
			);
			runOnlyForDeploymentPostprocessing = 0;
		};
/* End PBXResourcesBuildPhase section */

/* Begin PBXSourcesBuildPhase section */
		9DF3AA2C2DAABEB300D9DC88 /* Sources */ = {
			isa = PBXSourcesBuildPhase;
			buildActionMask = 2147483647;
			files = (
			);
			runOnlyForDeploymentPostprocessing = 0;
		};
		9DF3AA392DAABEB500D9DC88 /* Sources */ = {
			isa = PBXSourcesBuildPhase;
			buildActionMask = 2147483647;
			files = (
			);
			runOnlyForDeploymentPostprocessing = 0;
		};
		9DF3AA432DAABEB500D9DC88 /* Sources */ = {
			isa = PBXSourcesBuildPhase;
			buildActionMask = 2147483647;
			files = (
			);
			runOnlyForDeploymentPostprocessing = 0;
		};
/* End PBXSourcesBuildPhase section */

/* Begin PBXTargetDependency section */
		9DF3AA3F2DAABEB500D9DC88 /* PBXTargetDependency */ = {
			isa = PBXTargetDependency;
			target = 9DF3AA2F2DAABEB300D9DC88 /* CAModuleTest */;
			targetProxy = 9DF3AA3E2DAABEB500D9DC88 /* PBXContainerItemProxy */;
		};
		9DF3AA492DAABEB500D9DC88 /* PBXTargetDependency */ = {
			isa = PBXTargetDependency;
			target = 9DF3AA2F2DAABEB300D9DC88 /* CAModuleTest */;
			targetProxy = 9DF3AA482DAABEB500D9DC88 /* PBXContainerItemProxy */;
		};
/* End PBXTargetDependency section */

/* Begin XCBuildConfiguration section */
		9DF3AA4F2DAABEB500D9DC88 /* Debug */ = {
			isa = XCBuildConfiguration;
			buildSettings = {
				ALWAYS_SEARCH_USER_PATHS = NO;
				ASSETCATALOG_COMPILER_GENERATE_SWIFT_ASSET_SYMBOL_EXTENSIONS = YES;
				CLANG_ANALYZER_NONNULL = YES;
				CLANG_ANALYZER_NUMBER_OBJECT_CONVERSION = YES_AGGRESSIVE;
				CLANG_CXX_LANGUAGE_STANDARD = "gnu++20";
				CLANG_ENABLE_MODULES = YES;
				CLANG_ENABLE_OBJC_ARC = YES;
				CLANG_ENABLE_OBJC_WEAK = YES;
				CLANG_WARN_BLOCK_CAPTURE_AUTORELEASING = YES;
				CLANG_WARN_BOOL_CONVERSION = YES;
				CLANG_WARN_COMMA = YES;
				CLANG_WARN_CONSTANT_CONVERSION = YES;
				CLANG_WARN_DEPRECATED_OBJC_IMPLEMENTATIONS = YES;
				CLANG_WARN_DIRECT_OBJC_ISA_USAGE = YES_ERROR;
				CLANG_WARN_DOCUMENTATION_COMMENTS = YES;
				CLANG_WARN_EMPTY_BODY = YES;
				CLANG_WARN_ENUM_CONVERSION = YES;
				CLANG_WARN_INFINITE_RECURSION = YES;
				CLANG_WARN_INT_CONVERSION = YES;
				CLANG_WARN_NON_LITERAL_NULL_CONVERSION = YES;
				CLANG_WARN_OBJC_IMPLICIT_RETAIN_SELF = YES;
				CLANG_WARN_OBJC_LITERAL_CONVERSION = YES;
				CLANG_WARN_OBJC_ROOT_CLASS = YES_ERROR;
				CLANG_WARN_QUOTED_INCLUDE_IN_FRAMEWORK_HEADER = YES;
				CLANG_WARN_RANGE_LOOP_ANALYSIS = YES;
				CLANG_WARN_STRICT_PROTOTYPES = YES;
				CLANG_WARN_SUSPICIOUS_MOVE = YES;
				CLANG_WARN_UNGUARDED_AVAILABILITY = YES_AGGRESSIVE;
				CLANG_WARN_UNREACHABLE_CODE = YES;
				CLANG_WARN__DUPLICATE_METHOD_MATCH = YES;
				COPY_PHASE_STRIP = NO;
				DEBUG_INFORMATION_FORMAT = dwarf;
				ENABLE_STRICT_OBJC_MSGSEND = YES;
				ENABLE_TESTABILITY = YES;
				ENABLE_USER_SCRIPT_SANDBOXING = YES;
				GCC_C_LANGUAGE_STANDARD = gnu17;
				GCC_DYNAMIC_NO_PIC = NO;
				GCC_NO_COMMON_BLOCKS = YES;
				GCC_OPTIMIZATION_LEVEL = 0;
				GCC_PREPROCESSOR_DEFINITIONS = (
					"DEBUG=1",
					"$(inherited)",
				);
				GCC_WARN_64_TO_32_BIT_CONVERSION = YES;
				GCC_WARN_ABOUT_RETURN_TYPE = YES_ERROR;
				GCC_WARN_UNDECLARED_SELECTOR = YES;
				GCC_WARN_UNINITIALIZED_AUTOS = YES_AGGRESSIVE;
				GCC_WARN_UNUSED_FUNCTION = YES;
				GCC_WARN_UNUSED_VARIABLE = YES;
				IPHONEOS_DEPLOYMENT_TARGET = 18.4;
				LOCALIZATION_PREFERS_STRING_CATALOGS = YES;
				MTL_ENABLE_DEBUG_INFO = INCLUDE_SOURCE;
				MTL_FAST_MATH = YES;
				ONLY_ACTIVE_ARCH = YES;
				SDKROOT = iphoneos;
				SWIFT_ACTIVE_COMPILATION_CONDITIONS = "DEBUG $(inherited)";
				SWIFT_OPTIMIZATION_LEVEL = "-Onone";
			};
			name = Debug;
		};
		9DF3AA502DAABEB500D9DC88 /* Release */ = {
			isa = XCBuildConfiguration;
			buildSettings = {
				ALWAYS_SEARCH_USER_PATHS = NO;
				ASSETCATALOG_COMPILER_GENERATE_SWIFT_ASSET_SYMBOL_EXTENSIONS = YES;
				CLANG_ANALYZER_NONNULL = YES;
				CLANG_ANALYZER_NUMBER_OBJECT_CONVERSION = YES_AGGRESSIVE;
				CLANG_CXX_LANGUAGE_STANDARD = "gnu++20";
				CLANG_ENABLE_MODULES = YES;
				CLANG_ENABLE_OBJC_ARC = YES;
				CLANG_ENABLE_OBJC_WEAK = YES;
				CLANG_WARN_BLOCK_CAPTURE_AUTORELEASING = YES;
				CLANG_WARN_BOOL_CONVERSION = YES;
				CLANG_WARN_COMMA = YES;
				CLANG_WARN_CONSTANT_CONVERSION = YES;
				CLANG_WARN_DEPRECATED_OBJC_IMPLEMENTATIONS = YES;
				CLANG_WARN_DIRECT_OBJC_ISA_USAGE = YES_ERROR;
				CLANG_WARN_DOCUMENTATION_COMMENTS = YES;
				CLANG_WARN_EMPTY_BODY = YES;
				CLANG_WARN_ENUM_CONVERSION = YES;
				CLANG_WARN_INFINITE_RECURSION = YES;
				CLANG_WARN_INT_CONVERSION = YES;
				CLANG_WARN_NON_LITERAL_NULL_CONVERSION = YES;
				CLANG_WARN_OBJC_IMPLICIT_RETAIN_SELF = YES;
				CLANG_WARN_OBJC_LITERAL_CONVERSION = YES;
				CLANG_WARN_OBJC_ROOT_CLASS = YES_ERROR;
				CLANG_WARN_QUOTED_INCLUDE_IN_FRAMEWORK_HEADER = YES;
				CLANG_WARN_RANGE_LOOP_ANALYSIS = YES;
				CLANG_WARN_STRICT_PROTOTYPES = YES;
				CLANG_WARN_SUSPICIOUS_MOVE = YES;
				CLANG_WARN_UNGUARDED_AVAILABILITY = YES_AGGRESSIVE;
				CLANG_WARN_UNREACHABLE_CODE = YES;
				CLANG_WARN__DUPLICATE_METHOD_MATCH = YES;
				COPY_PHASE_STRIP = NO;
				DEBUG_INFORMATION_FORMAT = "dwarf-with-dsym";
				ENABLE_NS_ASSERTIONS = NO;
				ENABLE_STRICT_OBJC_MSGSEND = YES;
				ENABLE_USER_SCRIPT_SANDBOXING = YES;
				GCC_C_LANGUAGE_STANDARD = gnu17;
				GCC_NO_COMMON_BLOCKS = YES;
				GCC_WARN_64_TO_32_BIT_CONVERSION = YES;
				GCC_WARN_ABOUT_RETURN_TYPE = YES_ERROR;
				GCC_WARN_UNDECLARED_SELECTOR = YES;
				GCC_WARN_UNINITIALIZED_AUTOS = YES_AGGRESSIVE;
				GCC_WARN_UNUSED_FUNCTION = YES;
				GCC_WARN_UNUSED_VARIABLE = YES;
				IPHONEOS_DEPLOYMENT_TARGET = 18.4;
				LOCALIZATION_PREFERS_STRING_CATALOGS = YES;
				MTL_ENABLE_DEBUG_INFO = NO;
				MTL_FAST_MATH = YES;
				SDKROOT = iphoneos;
				SWIFT_COMPILATION_MODE = wholemodule;
				VALIDATE_PRODUCT = YES;
			};
			name = Release;
		};
		9DF3AA522DAABEB500D9DC88 /* Debug */ = {
			isa = XCBuildConfiguration;
			buildSettings = {
				ASSETCATALOG_COMPILER_APPICON_NAME = AppIcon;
				ASSETCATALOG_COMPILER_GLOBAL_ACCENT_COLOR_NAME = AccentColor;
				CODE_SIGN_STYLE = Automatic;
				CURRENT_PROJECT_VERSION = 1;
				ENABLE_PREVIEWS = YES;
				GENERATE_INFOPLIST_FILE = YES;
				INFOPLIST_KEY_UIApplicationSceneManifest_Generation = YES;
				INFOPLIST_KEY_UIApplicationSupportsIndirectInputEvents = YES;
				INFOPLIST_KEY_UILaunchScreen_Generation = YES;
				INFOPLIST_KEY_UISupportedInterfaceOrientations_iPad = "UIInterfaceOrientationPortrait UIInterfaceOrientationPortraitUpsideDown UIInterfaceOrientationLandscapeLeft UIInterfaceOrientationLandscapeRight";
				INFOPLIST_KEY_UISupportedInterfaceOrientations_iPhone = "UIInterfaceOrientationPortrait UIInterfaceOrientationLandscapeLeft UIInterfaceOrientationLandscapeRight";
				LD_RUNPATH_SEARCH_PATHS = (
					"$(inherited)",
					"@executable_path/Frameworks",
				);
				MARKETING_VERSION = 1.0;
				PRODUCT_BUNDLE_IDENTIFIER = "com.bbeniful.simple-app.CAModuleTest";
				PRODUCT_NAME = "$(TARGET_NAME)";
				SWIFT_EMIT_LOC_STRINGS = YES;
				SWIFT_VERSION = 5.0;
				TARGETED_DEVICE_FAMILY = "1,2";
			};
			name = Debug;
		};
		9DF3AA532DAABEB500D9DC88 /* Release */ = {
			isa = XCBuildConfiguration;
			buildSettings = {
				ASSETCATALOG_COMPILER_APPICON_NAME = AppIcon;
				ASSETCATALOG_COMPILER_GLOBAL_ACCENT_COLOR_NAME = AccentColor;
				CODE_SIGN_STYLE = Automatic;
				CURRENT_PROJECT_VERSION = 1;
				ENABLE_PREVIEWS = YES;
				GENERATE_INFOPLIST_FILE = YES;
				INFOPLIST_KEY_UIApplicationSceneManifest_Generation = YES;
				INFOPLIST_KEY_UIApplicationSupportsIndirectInputEvents = YES;
				INFOPLIST_KEY_UILaunchScreen_Generation = YES;
				INFOPLIST_KEY_UISupportedInterfaceOrientations_iPad = "UIInterfaceOrientationPortrait UIInterfaceOrientationPortraitUpsideDown UIInterfaceOrientationLandscapeLeft UIInterfaceOrientationLandscapeRight";
				INFOPLIST_KEY_UISupportedInterfaceOrientations_iPhone = "UIInterfaceOrientationPortrait UIInterfaceOrientationLandscapeLeft UIInterfaceOrientationLandscapeRight";
				LD_RUNPATH_SEARCH_PATHS = (
					"$(inherited)",
					"@executable_path/Frameworks",
				);
				MARKETING_VERSION = 1.0;
				PRODUCT_BUNDLE_IDENTIFIER = "com.bbeniful.simple-app.CAModuleTest";
				PRODUCT_NAME = "$(TARGET_NAME)";
				SWIFT_EMIT_LOC_STRINGS = YES;
				SWIFT_VERSION = 5.0;
				TARGETED_DEVICE_FAMILY = "1,2";
			};
			name = Release;
		};
		9DF3AA552DAABEB500D9DC88 /* Debug */ = {
			isa = XCBuildConfiguration;
			buildSettings = {
				BUNDLE_LOADER = "$(TEST_HOST)";
				CODE_SIGN_STYLE = Automatic;
				CURRENT_PROJECT_VERSION = 1;
				GENERATE_INFOPLIST_FILE = YES;
				IPHONEOS_DEPLOYMENT_TARGET = 18.4;
				MARKETING_VERSION = 1.0;
				PRODUCT_BUNDLE_IDENTIFIER = "com.bbeniful.simple-app.CAModuleTestTests";
				PRODUCT_NAME = "$(TARGET_NAME)";
				SWIFT_EMIT_LOC_STRINGS = NO;
				SWIFT_VERSION = 5.0;
				TARGETED_DEVICE_FAMILY = "1,2";
				TEST_HOST = "$(BUILT_PRODUCTS_DIR)/CAModuleTest.app/$(BUNDLE_EXECUTABLE_FOLDER_PATH)/CAModuleTest";
			};
			name = Debug;
		};
		9DF3AA562DAABEB500D9DC88 /* Release */ = {
			isa = XCBuildConfiguration;
			buildSettings = {
				BUNDLE_LOADER = "$(TEST_HOST)";
				CODE_SIGN_STYLE = Automatic;
				CURRENT_PROJECT_VERSION = 1;
				GENERATE_INFOPLIST_FILE = YES;
				IPHONEOS_DEPLOYMENT_TARGET = 18.4;
				MARKETING_VERSION = 1.0;
				PRODUCT_BUNDLE_IDENTIFIER = "com.bbeniful.simple-app.CAModuleTestTests";
				PRODUCT_NAME = "$(TARGET_NAME)";
				SWIFT_EMIT_LOC_STRINGS = NO;
				SWIFT_VERSION = 5.0;
				TARGETED_DEVICE_FAMILY = "1,2";
				TEST_HOST = "$(BUILT_PRODUCTS_DIR)/CAModuleTest.app/$(BUNDLE_EXECUTABLE_FOLDER_PATH)/CAModuleTest";
			};
			name = Release;
		};
		9DF3AA582DAABEB500D9DC88 /* Debug */ = {
			isa = XCBuildConfiguration;
			buildSettings = {
				CODE_SIGN_STYLE = Automatic;
				CURRENT_PROJECT_VERSION = 1;
				GENERATE_INFOPLIST_FILE = YES;
				MARKETING_VERSION = 1.0;
				PRODUCT_BUNDLE_IDENTIFIER = "com.bbeniful.simple-app.CAModuleTestUITests";
				PRODUCT_NAME = "$(TARGET_NAME)";
				SWIFT_EMIT_LOC_STRINGS = NO;
				SWIFT_VERSION = 5.0;
				TARGETED_DEVICE_FAMILY = "1,2";
				TEST_TARGET_NAME = CAModuleTest;
			};
			name = Debug;
		};
		9DF3AA592DAABEB500D9DC88 /* Release */ = {
			isa = XCBuildConfiguration;
			buildSettings = {
				CODE_SIGN_STYLE = Automatic;
				CURRENT_PROJECT_VERSION = 1;
				GENERATE_INFOPLIST_FILE = YES;
				MARKETING_VERSION = 1.0;
				PRODUCT_BUNDLE_IDENTIFIER = "com.bbeniful.simple-app.CAModuleTestUITests";
				PRODUCT_NAME = "$(TARGET_NAME)";
				SWIFT_EMIT_LOC_STRINGS = NO;
				SWIFT_VERSION = 5.0;
				TARGETED_DEVICE_FAMILY = "1,2";
				TEST_TARGET_NAME = CAModuleTest;
			};
			name = Release;
		};
/* End XCBuildConfiguration section */

/* Begin XCConfigurationList section */
		9DF3AA2B2DAABEB300D9DC88 /* Build configuration list for PBXProject "CAModuleTest" */ = {
			isa = XCConfigurationList;
			buildConfigurations = (
				9DF3AA4F2DAABEB500D9DC88 /* Debug */,
				9DF3AA502DAABEB500D9DC88 /* Release */,
			);
			defaultConfigurationIsVisible = 0;
			defaultConfigurationName = Release;
		};
		9DF3AA512DAABEB500D9DC88 /* Build configuration list for PBXNativeTarget "CAModuleTest" */ = {
			isa = XCConfigurationList;
			buildConfigurations = (
				9DF3AA522DAABEB500D9DC88 /* Debug */,
				9DF3AA532DAABEB500D9DC88 /* Release */,
			);
			defaultConfigurationIsVisible = 0;
			defaultConfigurationName = Release;
		};
		9DF3AA542DAABEB500D9DC88 /* Build configuration list for PBXNativeTarget "CAModuleTestTests" */ = {
			isa = XCConfigurationList;
			buildConfigurations = (
				9DF3AA552DAABEB500D9DC88 /* Debug */,
				9DF3AA562DAABEB500D9DC88 /* Release */,
			);
			defaultConfigurationIsVisible = 0;
			defaultConfigurationName = Release;
		};
		9DF3AA572DAABEB500D9DC88 /* Build configuration list for PBXNativeTarget "CAModuleTestUITests" */ = {
			isa = XCConfigurationList;
			buildConfigurations = (
				9DF3AA582DAABEB500D9DC88 /* Debug */,
				9DF3AA592DAABEB500D9DC88 /* Release */,
			);
			defaultConfigurationIsVisible = 0;
			defaultConfigurationName = Release;
		};
/* End XCConfigurationList section */
	};
	rootObject = 9DF3AA282DAABEB300D9DC88 /* Project object */;
}
